// hey guys i would just like to make a quick note that everything you're seeing here is made by copilot﻿
Microsoft Visual Studio Solution File, Format Version 12.00
Project("{FAE04EC0-301F-11D3-BF4B-00C04F79EFBC}") = "ExtendedConsole", "ExtendedConsole\ExtendedConsole.csproj", "{B2DD1143-B1CE-47BF-8EE6-A84E8AAA50ED}"
EndProject
Global
	GlobalSection(SolutionConfigurationPlatforms) = preSolution
		Debug|Any CPU = Debug|Any CPU
		Release|Any CPU = Release|Any CPU
	EndGlobalSection
	GlobalSection(ProjectConfigurationPlatforms) = postSolution
		{B2DD1143-B1CE-47BF-8EE6-A84E8AAA50ED}.Debug|Any CPU.ActiveCfg = Debug|Any CPU
		{B2DD1143-B1CE-47BF-8EE6-A84E8AAA50ED}.Debug|Any CPU.Build.0 = Debug|Any CPU
		{B2DD1143-B1CE-47BF-8EE6-A84E8AAA50ED}.Release|Any CPU.ActiveCfg = Release|Any CPU
		{B2DD1143-B1CE-47BF-8EE6-A84E8AAA50ED}.Release|Any CPU.Build.0 = Release|Any CPU
	EndGlobalSection
EndGlobal
